
Microsoft Visual Studio Solution File, Format Version 12.00
# Visual Studio Version 16
VisualStudioVersion = 16.0.29411.108
MinimumVisualStudioVersion = 10.0.40219.1
Project("{FAE04EC0-301F-11D3-BF4B-00C04F79EFBC}") = "SpiderLanguage", "SpiderLanguage.csproj", "{2F29A56A-F266-429C-9F0C-87ECBB038049}"
EndProject
Global
	GlobalSection(SolutionConfigurationPlatforms) = preSolution
		Debug|Any CPU = Debug|Any CPU
		Release|Any CPU = Release|Any CPU
	EndGlobalSection
	GlobalSection(ProjectConfigurationPlatforms) = postSolution
		{2F29A56A-F266-429C-9F0C-87ECBB038049}.Debug|Any CPU.ActiveCfg = Debug|Any CPU
		{2F29A56A-F266-429C-9F0C-87ECBB038049}.Debug|Any CPU.Build.0 = Debug|Any CPU
		{2F29A56A-F266-429C-9F0C-87ECBB038049}.Release|Any CPU.ActiveCfg = Release|Any CPU
		{2F29A56A-F266-429C-9F0C-87ECBB038049}.Release|Any CPU.Build.0 = Release|Any CPU
	EndGlobalSection
	GlobalSection(SolutionProperties) = preSolution
		HideSolutionNode = FALSE
	EndGlobalSection
	GlobalSection(ExtensibilityGlobals) = postSolution
		SolutionGuid = {3EC793BE-59B9-46DB-976E-65081513A33B}
	EndGlobalSection
EndGlobal
